
Microsoft Visual Studio Solution File, Format Version 12.00
# Visual Studio Version 16
VisualStudioVersion = 16.0.29728.190
MinimumVisualStudioVersion = 10.0.40219.1
Project("{FAE04EC0-301F-11D3-BF4B-00C04F79EFBC}") = "GitTest", "GitTest\GitTest.csproj", "{67C0197A-D9FE-436D-BAFB-77D0F26ED054}"
EndProject
Global
	GlobalSection(SolutionConfigurationPlatforms) = preSolution
		Debug|Any CPU = Debug|Any CPU
		Release|Any CPU = Release|Any CPU
	EndGlobalSection
	GlobalSection(ProjectConfigurationPlatforms) = postSolution
		{67C0197A-D9FE-436D-BAFB-77D0F26ED054}.Debug|Any CPU.ActiveCfg = Debug|Any CPU
		{67C0197A-D9FE-436D-BAFB-77D0F26ED054}.Debug|Any CPU.Build.0 = Debug|Any CPU
		{67C0197A-D9FE-436D-BAFB-77D0F26ED054}.Release|Any CPU.ActiveCfg = Release|Any CPU
		{67C0197A-D9FE-436D-BAFB-77D0F26ED054}.Release|Any CPU.Build.0 = Release|Any CPU
	EndGlobalSection
	GlobalSection(SolutionProperties) = preSolution
		HideSolutionNode = FALSE
	EndGlobalSection
	GlobalSection(ExtensibilityGlobals) = postSolution
		SolutionGuid = {67C4EF14-E5B9-4C4D-ABD1-6C80C0BA5725}
	EndGlobalSection
EndGlobal
